
Microsoft Visual Studio Solution File, Format Version 12.00
# Visual Studio Version 17
VisualStudioVersion = 17.4.33103.184
MinimumVisualStudioVersion = 10.0.40219.1
Project("{FAE04EC0-301F-11D3-BF4B-00C04F79EFBC}") = "sigma", "sigma.csproj", "{ED7ABB7D-3D5C-4188-AE19-844CF3777200}"
EndProject
Global
	GlobalSection(SolutionConfigurationPlatforms) = preSolution
		Debug|Any CPU = Debug|Any CPU
		Release|Any CPU = Release|Any CPU
	EndGlobalSection
	GlobalSection(ProjectConfigurationPlatforms) = postSolution
		{ED7ABB7D-3D5C-4188-AE19-844CF3777200}.Debug|Any CPU.ActiveCfg = Debug|Any CPU
		{ED7ABB7D-3D5C-4188-AE19-844CF3777200}.Debug|Any CPU.Build.0 = Debug|Any CPU
		{ED7ABB7D-3D5C-4188-AE19-844CF3777200}.Release|Any CPU.ActiveCfg = Release|Any CPU
		{ED7ABB7D-3D5C-4188-AE19-844CF3777200}.Release|Any CPU.Build.0 = Release|Any CPU
	EndGlobalSection
	GlobalSection(SolutionProperties) = preSolution
		HideSolutionNode = FALSE
	EndGlobalSection
	GlobalSection(ExtensibilityGlobals) = postSolution
		SolutionGuid = {C74BDFB1-8AE2-4242-8006-D84BB99F2635}
	EndGlobalSection
EndGlobal
